
Microsoft Visual Studio Solution File, Format Version 12.00
# Visual Studio Version 16
VisualStudioVersion = 16.0.32802.440
MinimumVisualStudioVersion = 10.0.40219.1
Project("{FAE04EC0-301F-11D3-BF4B-00C04F79EFBC}") = "Sonic 2", "Sonic 2\Sonic 2.csproj", "{B9519E99-6071-47A9-86AF-872469EE9DB1}"
EndProject
Global
	GlobalSection(SolutionConfigurationPlatforms) = preSolution
		Debug|Any CPU = Debug|Any CPU
		Release|Any CPU = Release|Any CPU
	EndGlobalSection
	GlobalSection(ProjectConfigurationPlatforms) = postSolution
		{B9519E99-6071-47A9-86AF-872469EE9DB1}.Debug|Any CPU.ActiveCfg = Debug|Any CPU
		{B9519E99-6071-47A9-86AF-872469EE9DB1}.Debug|Any CPU.Build.0 = Debug|Any CPU
		{B9519E99-6071-47A9-86AF-872469EE9DB1}.Release|Any CPU.ActiveCfg = Release|Any CPU
		{B9519E99-6071-47A9-86AF-872469EE9DB1}.Release|Any CPU.Build.0 = Release|Any CPU
	EndGlobalSection
	GlobalSection(SolutionProperties) = preSolution
		HideSolutionNode = FALSE
	EndGlobalSection
	GlobalSection(ExtensibilityGlobals) = postSolution
		SolutionGuid = {307F2FF4-6D8F-447D-8CBB-1A8CFDBBD0B6}
	EndGlobalSection
EndGlobal
